// !$*UTF8*$!
{
	archiveVersion = 1;
	classes = {
	};
	objectVersion = 46;
	objects = {

/* Begin PBXBuildFile section */
		6C52BDAA1DE6CDEF005B5714 /* FKLogUnicode.m in Sources */ = {isa = PBXBuildFile; fileRef = 6C52BDA91DE6CDEF005B5714 /* FKLogUnicode.m */; };
		A68708B21C325B2A007021A8 /* main.m in Sources */ = {isa = PBXBuildFile; fileRef = A68708B11C325B2A007021A8 /* main.m */; };
/* End PBXBuildFile section */

/* Begin PBXCopyFilesBuildPhase section */
		A68708AC1C325B2A007021A8 /* CopyFiles */ = {
			isa = PBXCopyFilesBuildPhase;
			buildActionMask = 2147483647;
			dstPath = /usr/share/man/man1/;
			dstSubfolderSpec = 0;
			files = (
			);
			runOnlyForDeploymentPostprocessing = 1;
		};
/* End PBXCopyFilesBuildPhase section */

/* Begin PBXFileReference section */
		6C52BDA91DE6CDEF005B5714 /* FKLogUnicode.m */ = {isa = PBXFileReference; fileEncoding = 4; lastKnownFileType = sourcecode.c.objc; name = FKLogUnicode.m; path = FKLogUnicode/FKLogUnicode.m; sourceTree = "<group>"; };
		A68708AE1C325B2A007021A8 /* FKLogUnicodeDemo */ = {isa = PBXFileReference; explicitFileType = "compiled.mach-o.executable"; includeInIndex = 0; path = FKLogUnicodeDemo; sourceTree = BUILT_PRODUCTS_DIR; };
		A68708B11C325B2A007021A8 /* main.m */ = {isa = PBXFileReference; lastKnownFileType = sourcecode.c.objc; path = main.m; sourceTree = "<group>"; };
/* End PBXFileReference section */

/* Begin PBXFrameworksBuildPhase section */
		A68708AB1C325B2A007021A8 /* Frameworks */ = {
			isa = PBXFrameworksBuildPhase;
			buildActionMask = 2147483647;
			files = (
			);
			runOnlyForDeploymentPostprocessing = 0;
		};
/* End PBXFrameworksBuildPhase section */

/* Begin PBXGroup section */
		A68708A51C325B2A007021A8 = {
			isa = PBXGroup;
			children = (
				A68708B01C325B2A007021A8 /* FKLogUnicodeDemo */,
				A68708AF1C325B2A007021A8 /* Products */,
			);
			sourceTree = "<group>";
		};
		A68708AF1C325B2A007021A8 /* Products */ = {
			isa = PBXGroup;
			children = (
				A68708AE1C325B2A007021A8 /* FKLogUnicodeDemo */,
			);
			name = Products;
			sourceTree = "<group>";
		};
		A68708B01C325B2A007021A8 /* FKLogUnicodeDemo */ = {
			isa = PBXGroup;
			children = (
				A68708B81C325B33007021A8 /* FKLogUnicode */,
				A68708B11C325B2A007021A8 /* main.m */,
			);
			path = FKLogUnicodeDemo;
			sourceTree = "<group>";
		};
		A68708B81C325B33007021A8 /* FKLogUnicode */ = {
			isa = PBXGroup;
			children = (
				6C52BDA91DE6CDEF005B5714 /* FKLogUnicode.m */,
			);
			name = FKLogUnicode;
			sourceTree = "<group>";
		};
/* End PBXGroup section */

/* Begin PBXNativeTarget section */
		A68708AD1C325B2A007021A8 /* FKLogUnicodeDemo */ = {
			isa = PBXNativeTarget;
			buildConfigurationList = A68708B51C325B2A007021A8 /* Build configuration list for PBXNativeTarget "FKLogUnicodeDemo" */;
			buildPhases = (
				A68708AA1C325B2A007021A8 /* Sources */,
				A68708AB1C325B2A007021A8 /* Frameworks */,
				A68708AC1C325B2A007021A8 /* CopyFiles */,
			);
			buildRules = (
			);
			dependencies = (
			);
			name = FKLogUnicodeDemo;
			productName = FKLogUnicodeDemo;
			productReference = A68708AE1C325B2A007021A8 /* FKLogUnicodeDemo */;
			productType = "com.apple.product-type.tool";
		};
/* End PBXNativeTarget section */

/* Begin PBXProject section */
		A68708A61C325B2A007021A8 /* Project object */ = {
			isa = PBXProject;
			attributes = {
				LastUpgradeCheck = 0720;
				ORGANIZATIONNAME = "Doge Studio";
				TargetAttributes = {
					A68708AD1C325B2A007021A8 = {
						CreatedOnToolsVersion = 7.2;
					};
				};
			};
			buildConfigurationList = A68708A91C325B2A007021A8 /* Build configuration list for PBXProject "FKLogUnicodeDemo" */;
			compatibilityVersion = "Xcode 3.2";
			developmentRegion = English;
			hasScannedForEncodings = 0;
			knownRegions = (
				en,
			);
			mainGroup = A68708A51C325B2A007021A8;
			productRefGroup = A68708AF1C325B2A007021A8 /* Products */;
			projectDirPath = "";
			projectRoot = "";
			targets = (
				A68708AD1C325B2A007021A8 /* FKLogUnicodeDemo */,
			);
		};
/* End PBXProject section */

/* Begin PBXSourcesBuildPhase section */
		A68708AA1C325B2A007021A8 /* Sources */ = {
			isa = PBXSourcesBuildPhase;
			buildActionMask = 2147483647;
			files = (
				A68708B21C325B2A007021A8 /* main.m in Sources */,
				6C52BDAA1DE6CDEF005B5714 /* FKLogUnicode.m in Sources */,
			);
			runOnlyForDeploymentPostprocessing = 0;
		};
/* End PBXSourcesBuildPhase section */

/* Begin XCBuildConfiguration section */
		A68708B31C325B2A007021A8 /* Debug */ = {
			isa = XCBuildConfiguration;
			buildSettings = {
				ALWAYS_SEARCH_USER_PATHS = NO;
				CLANG_CXX_LANGUAGE_STANDARD = "gnu++0x";
				CLANG_CXX_LIBRARY = "libc++";
				CLANG_ENABLE_MODULES = YES;
				CLANG_ENABLE_OBJC_ARC = YES;
				CLANG_WARN_BOOL_CONVERSION = YES;
				CLANG_WARN_CONSTANT_CONVERSION = YES;
				CLANG_WARN_DIRECT_OBJC_ISA_USAGE = YES_ERROR;
				CLANG_WARN_EMPTY_BODY = YES;
				CLANG_WARN_ENUM_CONVERSION = YES;
				CLANG_WARN_INT_CONVERSION = YES;
				CLANG_WARN_OBJC_ROOT_CLASS = YES_ERROR;
				CLANG_WARN_UNREACHABLE_CODE = YES;
				CLANG_WARN__DUPLICATE_METHOD_MATCH = YES;
				CODE_SIGN_IDENTITY = "-";
				COPY_PHASE_STRIP = NO;
				DEBUG_INFORMATION_FORMAT = dwarf;
				ENABLE_STRICT_OBJC_MSGSEND = YES;
				ENABLE_TESTABILITY = YES;
				GCC_C_LANGUAGE_STANDARD = gnu99;
				GCC_DYNAMIC_NO_PIC = NO;
				GCC_NO_COMMON_BLOCKS = YES;
				GCC_OPTIMIZATION_LEVEL = 0;
				GCC_PREPROCESSOR_DEFINITIONS = (
					"DEBUG=1",
					"$(inherited)",
				);
				GCC_WARN_64_TO_32_BIT_CONVERSION = YES;
				GCC_WARN_ABOUT_RETURN_TYPE = YES_ERROR;
				GCC_WARN_UNDECLARED_SELECTOR = YES;
				GCC_WARN_UNINITIALIZED_AUTOS = YES_AGGRESSIVE;
				GCC_WARN_UNUSED_FUNCTION = YES;
				GCC_WARN_UNUSED_VARIABLE = YES;
				MACOSX_DEPLOYMENT_TARGET = 10.10;
				MTL_ENABLE_DEBUG_INFO = YES;
				ONLY_ACTIVE_ARCH = YES;
				SDKROOT = macosx;
			};
			name = Debug;
		};
		A68708B41C325B2A007021A8 /* Release */ = {
			isa = XCBuildConfiguration;
			buildSettings = {
				ALWAYS_SEARCH_USER_PATHS = NO;
				CLANG_CXX_LANGUAGE_STANDARD = "gnu++0x";
				CLANG_CXX_LIBRARY = "libc++";
				CLANG_ENABLE_MODULES = YES;
				CLANG_ENABLE_OBJC_ARC = YES;
				CLANG_WARN_BOOL_CONVERSION = YES;
				CLANG_WARN_CONSTANT_CONVERSION = YES;
				CLANG_WARN_DIRECT_OBJC_ISA_USAGE = YES_ERROR;
				CLANG_WARN_EMPTY_BODY = YES;
				CLANG_WARN_ENUM_CONVERSION = YES;
				CLANG_WARN_INT_CONVERSION = YES;
				CLANG_WARN_OBJC_ROOT_CLASS = YES_ERROR;
				CLANG_WARN_UNREACHABLE_CODE = YES;
				CLANG_WARN__DUPLICATE_METHOD_MATCH = YES;
				CODE_SIGN_IDENTITY = "-";
				COPY_PHASE_STRIP = NO;
				DEBUG_INFORMATION_FORMAT = "dwarf-with-dsym";
				ENABLE_NS_ASSERTIONS = NO;
				ENABLE_STRICT_OBJC_MSGSEND = YES;
				GCC_C_LANGUAGE_STANDARD = gnu99;
				GCC_NO_COMMON_BLOCKS = YES;
				GCC_WARN_64_TO_32_BIT_CONVERSION = YES;
				GCC_WARN_ABOUT_RETURN_TYPE = YES_ERROR;
				GCC_WARN_UNDECLARED_SELECTOR = YES;
				GCC_WARN_UNINITIALIZED_AUTOS = YES_AGGRESSIVE;
				GCC_WARN_UNUSED_FUNCTION = YES;
				GCC_WARN_UNUSED_VARIABLE = YES;
				MACOSX_DEPLOYMENT_TARGET = 10.10;
				MTL_ENABLE_DEBUG_INFO = NO;
				SDKROOT = macosx;
			};
			name = Release;
		};
		A68708B61C325B2A007021A8 /* Debug */ = {
			isa = XCBuildConfiguration;
			buildSettings = {
				MACOSX_DEPLOYMENT_TARGET = 10.12;
				PRODUCT_NAME = "$(TARGET_NAME)";
			};
			name = Debug;
		};
		A68708B71C325B2A007021A8 /* Release */ = {
			isa = XCBuildConfiguration;
			buildSettings = {
				MACOSX_DEPLOYMENT_TARGET = 10.12;
				PRODUCT_NAME = "$(TARGET_NAME)";
			};
			name = Release;
		};
/* End XCBuildConfiguration section */

/* Begin XCConfigurationList section */
		A68708A91C325B2A007021A8 /* Build configuration list for PBXProject "FKLogUnicodeDemo" */ = {
			isa = XCConfigurationList;
			buildConfigurations = (
				A68708B31C325B2A007021A8 /* Debug */,
				A68708B41C325B2A007021A8 /* Release */,
			);
			defaultConfigurationIsVisible = 0;
			defaultConfigurationName = Release;
		};
		A68708B51C325B2A007021A8 /* Build configuration list for PBXNativeTarget "FKLogUnicodeDemo" */ = {
			isa = XCConfigurationList;
			buildConfigurations = (
				A68708B61C325B2A007021A8 /* Debug */,
				A68708B71C325B2A007021A8 /* Release */,
			);
			defaultConfigurationIsVisible = 0;
			defaultConfigurationName = Release;
		};
/* End XCConfigurationList section */
	};
	rootObject = A68708A61C325B2A007021A8 /* Project object */;
}
